// !$*UTF8*$!
{
	archiveVersion = 1;
	classes = {
	};
	objectVersion = 46;
	objects = {

/* Begin PBXBuildFile section */
		D81002371ED49EDD00B4E34F /* AppDelegate.swift in Sources */ = {isa = PBXBuildFile; fileRef = D81002361ED49EDD00B4E34F /* AppDelegate.swift */; };
		D81002391ED49EDD00B4E34F /* ViewController.swift in Sources */ = {isa = PBXBuildFile; fileRef = D81002381ED49EDD00B4E34F /* ViewController.swift */; };
		D810023C1ED49EDD00B4E34F /* Main.storyboard in Resources */ = {isa = PBXBuildFile; fileRef = D810023A1ED49EDD00B4E34F /* Main.storyboard */; };
		D810023E1ED49EDD00B4E34F /* Assets.xcassets in Resources */ = {isa = PBXBuildFile; fileRef = D810023D1ED49EDD00B4E34F /* Assets.xcassets */; };
		D81002411ED49EDD00B4E34F /* LaunchScreen.storyboard in Resources */ = {isa = PBXBuildFile; fileRef = D810023F1ED49EDD00B4E34F /* LaunchScreen.storyboard */; };
/* End PBXBuildFile section */

/* Begin PBXFileReference section */
		D81002331ED49EDD00B4E34F /* shinigami.app */ = {isa = PBXFileReference; explicitFileType = wrapper.application; includeInIndex = 0; path = shinigami.app; sourceTree = BUILT_PRODUCTS_DIR; };
		D81002361ED49EDD00B4E34F /* AppDelegate.swift */ = {isa = PBXFileReference; lastKnownFileType = sourcecode.swift; path = AppDelegate.swift; sourceTree = "<group>"; };
		D81002381ED49EDD00B4E34F /* ViewController.swift */ = {isa = PBXFileReference; lastKnownFileType = sourcecode.swift; path = ViewController.swift; sourceTree = "<group>"; };
		D810023B1ED49EDD00B4E34F /* Base */ = {isa = PBXFileReference; lastKnownFileType = file.storyboard; name = Base; path = Base.lproj/Main.storyboard; sourceTree = "<group>"; };
		D810023D1ED49EDD00B4E34F /* Assets.xcassets */ = {isa = PBXFileReference; lastKnownFileType = folder.assetcatalog; path = Assets.xcassets; sourceTree = "<group>"; };
		D81002401ED49EDD00B4E34F /* Base */ = {isa = PBXFileReference; lastKnownFileType = file.storyboard; name = Base; path = Base.lproj/LaunchScreen.storyboard; sourceTree = "<group>"; };
		D81002421ED49EDD00B4E34F /* Info.plist */ = {isa = PBXFileReference; lastKnownFileType = text.plist.xml; path = Info.plist; sourceTree = "<group>"; };
/* End PBXFileReference section */

/* Begin PBXFrameworksBuildPhase section */
		D81002301ED49EDD00B4E34F /* Frameworks */ = {
			isa = PBXFrameworksBuildPhase;
			buildActionMask = 2147483647;
			files = (
			);
			runOnlyForDeploymentPostprocessing = 0;
		};
/* End PBXFrameworksBuildPhase section */

/* Begin PBXGroup section */
		D810022A1ED49EDD00B4E34F = {
			isa = PBXGroup;
			children = (
				D81002351ED49EDD00B4E34F /* shinigami */,
				D81002341ED49EDD00B4E34F /* Products */,
			);
			sourceTree = "<group>";
		};
		D81002341ED49EDD00B4E34F /* Products */ = {
			isa = PBXGroup;
			children = (
				D81002331ED49EDD00B4E34F /* shinigami.app */,
			);
			name = Products;
			sourceTree = "<group>";
		};
		D81002351ED49EDD00B4E34F /* shinigami */ = {
			isa = PBXGroup;
			children = (
				D81002361ED49EDD00B4E34F /* AppDelegate.swift */,
				D81002381ED49EDD00B4E34F /* ViewController.swift */,
				D810023A1ED49EDD00B4E34F /* Main.storyboard */,
				D810023D1ED49EDD00B4E34F /* Assets.xcassets */,
				D810023F1ED49EDD00B4E34F /* LaunchScreen.storyboard */,
				D81002421ED49EDD00B4E34F /* Info.plist */,
			);
			path = shinigami;
			sourceTree = "<group>";
		};
/* End PBXGroup section */

/* Begin PBXNativeTarget section */
		D81002321ED49EDD00B4E34F /* shinigami */ = {
			isa = PBXNativeTarget;
			buildConfigurationList = D81002451ED49EDD00B4E34F /* Build configuration list for PBXNativeTarget "shinigami" */;
			buildPhases = (
				D810022F1ED49EDD00B4E34F /* Sources */,
				D81002301ED49EDD00B4E34F /* Frameworks */,
				D81002311ED49EDD00B4E34F /* Resources */,
			);
			buildRules = (
			);
			dependencies = (
			);
			name = shinigami;
			productName = shinigami;
			productReference = D81002331ED49EDD00B4E34F /* shinigami.app */;
			productType = "com.apple.product-type.application";
		};
/* End PBXNativeTarget section */

/* Begin PBXProject section */
		D810022B1ED49EDD00B4E34F /* Project object */ = {
			isa = PBXProject;
			attributes = {
				LastSwiftUpdateCheck = 0830;
				LastUpgradeCheck = 0830;
				ORGANIZATIONNAME = "Nathan Chan";
				TargetAttributes = {
					D81002321ED49EDD00B4E34F = {
						CreatedOnToolsVersion = 8.3.2;
						ProvisioningStyle = Automatic;
					};
				};
			};
			buildConfigurationList = D810022E1ED49EDD00B4E34F /* Build configuration list for PBXProject "shinigami" */;
			compatibilityVersion = "Xcode 3.2";
			developmentRegion = English;
			hasScannedForEncodings = 0;
			knownRegions = (
				en,
				Base,
			);
			mainGroup = D810022A1ED49EDD00B4E34F;
			productRefGroup = D81002341ED49EDD00B4E34F /* Products */;
			projectDirPath = "";
			projectRoot = "";
			targets = (
				D81002321ED49EDD00B4E34F /* shinigami */,
			);
		};
/* End PBXProject section */

/* Begin PBXResourcesBuildPhase section */
		D81002311ED49EDD00B4E34F /* Resources */ = {
			isa = PBXResourcesBuildPhase;
			buildActionMask = 2147483647;
			files = (
				D81002411ED49EDD00B4E34F /* LaunchScreen.storyboard in Resources */,
				D810023E1ED49EDD00B4E34F /* Assets.xcassets in Resources */,
				D810023C1ED49EDD00B4E34F /* Main.storyboard in Resources */,
			);
			runOnlyForDeploymentPostprocessing = 0;
		};
/* End PBXResourcesBuildPhase section */

/* Begin PBXSourcesBuildPhase section */
		D810022F1ED49EDD00B4E34F /* Sources */ = {
			isa = PBXSourcesBuildPhase;
			buildActionMask = 2147483647;
			files = (
				D81002391ED49EDD00B4E34F /* ViewController.swift in Sources */,
				D81002371ED49EDD00B4E34F /* AppDelegate.swift in Sources */,
			);
			runOnlyForDeploymentPostprocessing = 0;
		};
/* End PBXSourcesBuildPhase section */

/* Begin PBXVariantGroup section */
		D810023A1ED49EDD00B4E34F /* Main.storyboard */ = {
			isa = PBXVariantGroup;
			children = (
				D810023B1ED49EDD00B4E34F /* Base */,
			);
			name = Main.storyboard;
			sourceTree = "<group>";
		};
		D810023F1ED49EDD00B4E34F /* LaunchScreen.storyboard */ = {
			isa = PBXVariantGroup;
			children = (
				D81002401ED49EDD00B4E34F /* Base */,
			);
			name = LaunchScreen.storyboard;
			sourceTree = "<group>";
		};
/* End PBXVariantGroup section */

/* Begin XCBuildConfiguration section */
		D81002431ED49EDD00B4E34F /* Debug */ = {
			isa = XCBuildConfiguration;
			buildSettings = {
				ALWAYS_SEARCH_USER_PATHS = NO;
				CLANG_ANALYZER_NONNULL = YES;
				CLANG_ANALYZER_NUMBER_OBJECT_CONVERSION = YES_AGGRESSIVE;
				CLANG_CXX_LANGUAGE_STANDARD = "gnu++0x";
				CLANG_CXX_LIBRARY = "libc++";
				CLANG_ENABLE_MODULES = YES;
				CLANG_ENABLE_OBJC_ARC = YES;
				CLANG_WARN_BOOL_CONVERSION = YES;
				CLANG_WARN_CONSTANT_CONVERSION = YES;
				CLANG_WARN_DIRECT_OBJC_ISA_USAGE = YES_ERROR;
				CLANG_WARN_DOCUMENTATION_COMMENTS = YES;
				CLANG_WARN_EMPTY_BODY = YES;
				CLANG_WARN_ENUM_CONVERSION = YES;
				CLANG_WARN_INFINITE_RECURSION = YES;
				CLANG_WARN_INT_CONVERSION = YES;
				CLANG_WARN_OBJC_ROOT_CLASS = YES_ERROR;
				CLANG_WARN_SUSPICIOUS_MOVE = YES;
				CLANG_WARN_UNREACHABLE_CODE = YES;
				CLANG_WARN__DUPLICATE_METHOD_MATCH = YES;
				"CODE_SIGN_IDENTITY[sdk=iphoneos*]" = "iPhone Developer";
				COPY_PHASE_STRIP = NO;
				DEBUG_INFORMATION_FORMAT = dwarf;
				ENABLE_STRICT_OBJC_MSGSEND = YES;
				ENABLE_TESTABILITY = YES;
				GCC_C_LANGUAGE_STANDARD = gnu99;
				GCC_DYNAMIC_NO_PIC = NO;
				GCC_NO_COMMON_BLOCKS = YES;
				GCC_OPTIMIZATION_LEVEL = 0;
				GCC_PREPROCESSOR_DEFINITIONS = (
					"DEBUG=1",
					"$(inherited)",
				);
				GCC_WARN_64_TO_32_BIT_CONVERSION = YES;
				GCC_WARN_ABOUT_RETURN_TYPE = YES_ERROR;
				GCC_WARN_UNDECLARED_SELECTOR = YES;
				GCC_WARN_UNINITIALIZED_AUTOS = YES_AGGRESSIVE;
				GCC_WARN_UNUSED_FUNCTION = YES;
				GCC_WARN_UNUSED_VARIABLE = YES;
				IPHONEOS_DEPLOYMENT_TARGET = 10.3;
				MTL_ENABLE_DEBUG_INFO = YES;
				ONLY_ACTIVE_ARCH = YES;
				SDKROOT = iphoneos;
				SWIFT_ACTIVE_COMPILATION_CONDITIONS = DEBUG;
				SWIFT_OPTIMIZATION_LEVEL = "-Onone";
			};
			name = Debug;
		};
		D81002441ED49EDD00B4E34F /* Release */ = {
			isa = XCBuildConfiguration;
			buildSettings = {
				ALWAYS_SEARCH_USER_PATHS = NO;
				CLANG_ANALYZER_NONNULL = YES;
				CLANG_ANALYZER_NUMBER_OBJECT_CONVERSION = YES_AGGRESSIVE;
				CLANG_CXX_LANGUAGE_STANDARD = "gnu++0x";
				CLANG_CXX_LIBRARY = "libc++";
				CLANG_ENABLE_MODULES = YES;
				CLANG_ENABLE_OBJC_ARC = YES;
				CLANG_WARN_BOOL_CONVERSION = YES;
				CLANG_WARN_CONSTANT_CONVERSION = YES;
				CLANG_WARN_DIRECT_OBJC_ISA_USAGE = YES_ERROR;
				CLANG_WARN_DOCUMENTATION_COMMENTS = YES;
				CLANG_WARN_EMPTY_BODY = YES;
				CLANG_WARN_ENUM_CONVERSION = YES;
				CLANG_WARN_INFINITE_RECURSION = YES;
				CLANG_WARN_INT_CONVERSION = YES;
				CLANG_WARN_OBJC_ROOT_CLASS = YES_ERROR;
				CLANG_WARN_SUSPICIOUS_MOVE = YES;
				CLANG_WARN_UNREACHABLE_CODE = YES;
				CLANG_WARN__DUPLICATE_METHOD_MATCH = YES;
				"CODE_SIGN_IDENTITY[sdk=iphoneos*]" = "iPhone Developer";
				COPY_PHASE_STRIP = NO;
				DEBUG_INFORMATION_FORMAT = "dwarf-with-dsym";
				ENABLE_NS_ASSERTIONS = NO;
				ENABLE_STRICT_OBJC_MSGSEND = YES;
				GCC_C_LANGUAGE_STANDARD = gnu99;
				GCC_NO_COMMON_BLOCKS = YES;
				GCC_WARN_64_TO_32_BIT_CONVERSION = YES;
				GCC_WARN_ABOUT_RETURN_TYPE = YES_ERROR;
				GCC_WARN_UNDECLARED_SELECTOR = YES;
				GCC_WARN_UNINITIALIZED_AUTOS = YES_AGGRESSIVE;
				GCC_WARN_UNUSED_FUNCTION = YES;
				GCC_WARN_UNUSED_VARIABLE = YES;
				IPHONEOS_DEPLOYMENT_TARGET = 10.3;
				MTL_ENABLE_DEBUG_INFO = NO;
				SDKROOT = iphoneos;
				SWIFT_OPTIMIZATION_LEVEL = "-Owholemodule";
				VALIDATE_PRODUCT = YES;
			};
			name = Release;
		};
		D81002461ED49EDD00B4E34F /* Debug */ = {
			isa = XCBuildConfiguration;
			buildSettings = {
				ASSETCATALOG_COMPILER_APPICON_NAME = AppIcon;
				INFOPLIST_FILE = shinigami/Info.plist;
				LD_RUNPATH_SEARCH_PATHS = "$(inherited) @executable_path/Frameworks";
				PRODUCT_BUNDLE_IDENTIFIER = com.nathanchan.shinigami;
				PRODUCT_NAME = "$(TARGET_NAME)";
				SWIFT_VERSION = 3.0;
			};
			name = Debug;
		};
		D81002471ED49EDD00B4E34F /* Release */ = {
			isa = XCBuildConfiguration;
			buildSettings = {
				ASSETCATALOG_COMPILER_APPICON_NAME = AppIcon;
				INFOPLIST_FILE = shinigami/Info.plist;
				LD_RUNPATH_SEARCH_PATHS = "$(inherited) @executable_path/Frameworks";
				PRODUCT_BUNDLE_IDENTIFIER = com.nathanchan.shinigami;
				PRODUCT_NAME = "$(TARGET_NAME)";
				SWIFT_VERSION = 3.0;
			};
			name = Release;
		};
/* End XCBuildConfiguration section */

/* Begin XCConfigurationList section */
		D810022E1ED49EDD00B4E34F /* Build configuration list for PBXProject "shinigami" */ = {
			isa = XCConfigurationList;
			buildConfigurations = (
				D81002431ED49EDD00B4E34F /* Debug */,
				D81002441ED49EDD00B4E34F /* Release */,
			);
			defaultConfigurationIsVisible = 0;
			defaultConfigurationName = Release;
		};
		D81002451ED49EDD00B4E34F /* Build configuration list for PBXNativeTarget "shinigami" */ = {
			isa = XCConfigurationList;
			buildConfigurations = (
				D81002461ED49EDD00B4E34F /* Debug */,
				D81002471ED49EDD00B4E34F /* Release */,
			);
			defaultConfigurationIsVisible = 0;
		};
/* End XCConfigurationList section */
	};
	rootObject = D810022B1ED49EDD00B4E34F /* Project object */;
}
