// !$*UTF8*$!
{
	archiveVersion = 1;
	classes = {
	};
	objectVersion = 46;
	objects = {

/* Begin PBXBuildFile section */
		020ACD712F1F5773DA28C2D3 /* Pods_shinigami.framework in Frameworks */ = {isa = PBXBuildFile; fileRef = B5A8BC89F844F4219F316174 /* Pods_shinigami.framework */; };
		D81002371ED49EDD00B4E34F /* AppDelegate.swift in Sources */ = {isa = PBXBuildFile; fileRef = D81002361ED49EDD00B4E34F /* AppDelegate.swift */; };
		D81002391ED49EDD00B4E34F /* LoginViewController.swift in Sources */ = {isa = PBXBuildFile; fileRef = D81002381ED49EDD00B4E34F /* LoginViewController.swift */; };
		D810023C1ED49EDD00B4E34F /* Main.storyboard in Resources */ = {isa = PBXBuildFile; fileRef = D810023A1ED49EDD00B4E34F /* Main.storyboard */; };
		D810023E1ED49EDD00B4E34F /* Assets.xcassets in Resources */ = {isa = PBXBuildFile; fileRef = D810023D1ED49EDD00B4E34F /* Assets.xcassets */; };
		D81002411ED49EDD00B4E34F /* LaunchScreen.storyboard in Resources */ = {isa = PBXBuildFile; fileRef = D810023F1ED49EDD00B4E34F /* LaunchScreen.storyboard */; };
		D81002491ED745F900B4E34F /* twitter_eyes_logo.png in Resources */ = {isa = PBXBuildFile; fileRef = D81002481ED745F900B4E34F /* twitter_eyes_logo.png */; };
		D810024F1EDDF51100B4E34F /* HomeSearchViewController.swift in Sources */ = {isa = PBXBuildFile; fileRef = D810024E1EDDF51100B4E34F /* HomeSearchViewController.swift */; };
		D810026E1EDF97B500B4E34F /* TWTRUserCustom.swift in Sources */ = {isa = PBXBuildFile; fileRef = D810026D1EDF97B500B4E34F /* TWTRUserCustom.swift */; };
		D81002701EDFC1C500B4E34F /* UserTableViewCell.swift in Sources */ = {isa = PBXBuildFile; fileRef = D810026F1EDFC1C500B4E34F /* UserTableViewCell.swift */; };
		D81002721EDFC4DE00B4E34F /* UIImageView+downloadedFrom.swift in Sources */ = {isa = PBXBuildFile; fileRef = D81002711EDFC4DE00B4E34F /* UIImageView+downloadedFrom.swift */; };
		D81002781EE07DF300B4E34F /* twitter-verified-icon.png in Resources */ = {isa = PBXBuildFile; fileRef = D81002771EE07DF300B4E34F /* twitter-verified-icon.png */; };
		D810027C1EE083E800B4E34F /* ProfileViewController.swift in Sources */ = {isa = PBXBuildFile; fileRef = D810027B1EE083E800B4E34F /* ProfileViewController.swift */; };
		D810027F1EE09C1000B4E34F /* ProfileTableViewCell.swift in Sources */ = {isa = PBXBuildFile; fileRef = D810027E1EE09C1000B4E34F /* ProfileTableViewCell.swift */; };
		D81037F21EED053B00C34B82 /* GoogleService-Info.plist in Resources */ = {isa = PBXBuildFile; fileRef = D81037F11EED053B00C34B82 /* GoogleService-Info.plist */; };
		D82F38731EF096BB0044DA58 /* TWTRList.swift in Sources */ = {isa = PBXBuildFile; fileRef = D82F38721EF096BB0044DA58 /* TWTRList.swift */; };
		D860E14B1EEA0C8F00467CE2 /* twitter-following-icon.png in Resources */ = {isa = PBXBuildFile; fileRef = D860E14A1EEA0C8F00467CE2 /* twitter-following-icon.png */; };
		D860E1571EEB33E700467CE2 /* Icon-App-20x20@2x.png in Resources */ = {isa = PBXBuildFile; fileRef = D860E14D1EEB33E700467CE2 /* Icon-App-20x20@2x.png */; };
		D860E1581EEB33E700467CE2 /* Icon-App-29x29@1x.png in Resources */ = {isa = PBXBuildFile; fileRef = D860E14E1EEB33E700467CE2 /* Icon-App-29x29@1x.png */; };
		D860E1591EEB33E700467CE2 /* Icon-App-29x29@2x.png in Resources */ = {isa = PBXBuildFile; fileRef = D860E14F1EEB33E700467CE2 /* Icon-App-29x29@2x.png */; };
		D860E15A1EEB33E700467CE2 /* Icon-App-29x29@3x.png in Resources */ = {isa = PBXBuildFile; fileRef = D860E1501EEB33E700467CE2 /* Icon-App-29x29@3x.png */; };
		D860E15B1EEB33E700467CE2 /* Icon-App-40x40@2x.png in Resources */ = {isa = PBXBuildFile; fileRef = D860E1511EEB33E700467CE2 /* Icon-App-40x40@2x.png */; };
		D860E15C1EEB33E700467CE2 /* Icon-App-40x40@3x.png in Resources */ = {isa = PBXBuildFile; fileRef = D860E1521EEB33E700467CE2 /* Icon-App-40x40@3x.png */; };
		D860E15D1EEB33E700467CE2 /* Icon-App-60x60@2x.png in Resources */ = {isa = PBXBuildFile; fileRef = D860E1531EEB33E700467CE2 /* Icon-App-60x60@2x.png */; };
		D860E15E1EEB33E700467CE2 /* Icon-App-60x60@3x.png in Resources */ = {isa = PBXBuildFile; fileRef = D860E1541EEB33E700467CE2 /* Icon-App-60x60@3x.png */; };
		D860E15F1EEB33E700467CE2 /* Icon-App-76x76@1x.png in Resources */ = {isa = PBXBuildFile; fileRef = D860E1551EEB33E700467CE2 /* Icon-App-76x76@1x.png */; };
		D860E1601EEB33E700467CE2 /* Icon-App-76x76@2x.png in Resources */ = {isa = PBXBuildFile; fileRef = D860E1561EEB33E700467CE2 /* Icon-App-76x76@2x.png */; };
		D860E1621EEB354300467CE2 /* Icon-App-30x30@2x.png in Resources */ = {isa = PBXBuildFile; fileRef = D860E1611EEB354300467CE2 /* Icon-App-30x30@2x.png */; };
		D860E1681EEB654F00467CE2 /* GoogleAnalytics.swift in Sources */ = {isa = PBXBuildFile; fileRef = D860E1671EEB654F00467CE2 /* GoogleAnalytics.swift */; };
		D8C381BF1EE89BB600D030B0 /* Helpers.swift in Sources */ = {isa = PBXBuildFile; fileRef = D8C381BE1EE89BB600D030B0 /* Helpers.swift */; };
/* End PBXBuildFile section */

/* Begin PBXFileReference section */
		9484142F295752EAB6DAF202 /* Pods-shinigami.release.xcconfig */ = {isa = PBXFileReference; includeInIndex = 1; lastKnownFileType = text.xcconfig; name = "Pods-shinigami.release.xcconfig"; path = "Pods/Target Support Files/Pods-shinigami/Pods-shinigami.release.xcconfig"; sourceTree = "<group>"; };
		B5A8BC89F844F4219F316174 /* Pods_shinigami.framework */ = {isa = PBXFileReference; explicitFileType = wrapper.framework; includeInIndex = 0; path = Pods_shinigami.framework; sourceTree = BUILT_PRODUCTS_DIR; };
		CDB3DC8364A643D0084D242F /* Pods-shinigami.debug.xcconfig */ = {isa = PBXFileReference; includeInIndex = 1; lastKnownFileType = text.xcconfig; name = "Pods-shinigami.debug.xcconfig"; path = "Pods/Target Support Files/Pods-shinigami/Pods-shinigami.debug.xcconfig"; sourceTree = "<group>"; };
		D81002331ED49EDD00B4E34F /* shinigami.app */ = {isa = PBXFileReference; explicitFileType = wrapper.application; includeInIndex = 0; path = shinigami.app; sourceTree = BUILT_PRODUCTS_DIR; };
		D81002361ED49EDD00B4E34F /* AppDelegate.swift */ = {isa = PBXFileReference; lastKnownFileType = sourcecode.swift; path = AppDelegate.swift; sourceTree = "<group>"; };
		D81002381ED49EDD00B4E34F /* LoginViewController.swift */ = {isa = PBXFileReference; lastKnownFileType = sourcecode.swift; path = LoginViewController.swift; sourceTree = "<group>"; };
		D810023B1ED49EDD00B4E34F /* Base */ = {isa = PBXFileReference; lastKnownFileType = file.storyboard; name = Base; path = Base.lproj/Main.storyboard; sourceTree = "<group>"; };
		D810023D1ED49EDD00B4E34F /* Assets.xcassets */ = {isa = PBXFileReference; lastKnownFileType = folder.assetcatalog; path = Assets.xcassets; sourceTree = "<group>"; };
		D81002401ED49EDD00B4E34F /* Base */ = {isa = PBXFileReference; lastKnownFileType = file.storyboard; name = Base; path = Base.lproj/LaunchScreen.storyboard; sourceTree = "<group>"; };
		D81002421ED49EDD00B4E34F /* Info.plist */ = {isa = PBXFileReference; lastKnownFileType = text.plist.xml; path = Info.plist; sourceTree = "<group>"; };
		D81002481ED745F900B4E34F /* twitter_eyes_logo.png */ = {isa = PBXFileReference; lastKnownFileType = image.png; name = twitter_eyes_logo.png; path = ../../../../Downloads/twitter_eyes_logo.png; sourceTree = "<group>"; };
		D810024E1EDDF51100B4E34F /* HomeSearchViewController.swift */ = {isa = PBXFileReference; fileEncoding = 4; lastKnownFileType = sourcecode.swift; path = HomeSearchViewController.swift; sourceTree = "<group>"; };
		D810026D1EDF97B500B4E34F /* TWTRUserCustom.swift */ = {isa = PBXFileReference; fileEncoding = 4; lastKnownFileType = sourcecode.swift; path = TWTRUserCustom.swift; sourceTree = "<group>"; };
		D810026F1EDFC1C500B4E34F /* UserTableViewCell.swift */ = {isa = PBXFileReference; fileEncoding = 4; lastKnownFileType = sourcecode.swift; path = UserTableViewCell.swift; sourceTree = "<group>"; };
		D81002711EDFC4DE00B4E34F /* UIImageView+downloadedFrom.swift */ = {isa = PBXFileReference; fileEncoding = 4; lastKnownFileType = sourcecode.swift; path = "UIImageView+downloadedFrom.swift"; sourceTree = "<group>"; };
		D81002771EE07DF300B4E34F /* twitter-verified-icon.png */ = {isa = PBXFileReference; lastKnownFileType = image.png; path = "twitter-verified-icon.png"; sourceTree = "<group>"; };
		D810027B1EE083E800B4E34F /* ProfileViewController.swift */ = {isa = PBXFileReference; fileEncoding = 4; lastKnownFileType = sourcecode.swift; path = ProfileViewController.swift; sourceTree = "<group>"; };
		D810027E1EE09C1000B4E34F /* ProfileTableViewCell.swift */ = {isa = PBXFileReference; fileEncoding = 4; lastKnownFileType = sourcecode.swift; path = ProfileTableViewCell.swift; sourceTree = "<group>"; };
		D81037F11EED053B00C34B82 /* GoogleService-Info.plist */ = {isa = PBXFileReference; fileEncoding = 4; lastKnownFileType = text.plist.xml; path = "GoogleService-Info.plist"; sourceTree = "<group>"; };
		D82F38721EF096BB0044DA58 /* TWTRList.swift */ = {isa = PBXFileReference; fileEncoding = 4; lastKnownFileType = sourcecode.swift; path = TWTRList.swift; sourceTree = "<group>"; };
		D860E14A1EEA0C8F00467CE2 /* twitter-following-icon.png */ = {isa = PBXFileReference; lastKnownFileType = image.png; path = "twitter-following-icon.png"; sourceTree = "<group>"; };
		D860E14D1EEB33E700467CE2 /* Icon-App-20x20@2x.png */ = {isa = PBXFileReference; lastKnownFileType = image.png; path = "Icon-App-20x20@2x.png"; sourceTree = "<group>"; };
		D860E14E1EEB33E700467CE2 /* Icon-App-29x29@1x.png */ = {isa = PBXFileReference; lastKnownFileType = image.png; path = "Icon-App-29x29@1x.png"; sourceTree = "<group>"; };
		D860E14F1EEB33E700467CE2 /* Icon-App-29x29@2x.png */ = {isa = PBXFileReference; lastKnownFileType = image.png; path = "Icon-App-29x29@2x.png"; sourceTree = "<group>"; };
		D860E1501EEB33E700467CE2 /* Icon-App-29x29@3x.png */ = {isa = PBXFileReference; lastKnownFileType = image.png; path = "Icon-App-29x29@3x.png"; sourceTree = "<group>"; };
		D860E1511EEB33E700467CE2 /* Icon-App-40x40@2x.png */ = {isa = PBXFileReference; lastKnownFileType = image.png; path = "Icon-App-40x40@2x.png"; sourceTree = "<group>"; };
		D860E1521EEB33E700467CE2 /* Icon-App-40x40@3x.png */ = {isa = PBXFileReference; lastKnownFileType = image.png; path = "Icon-App-40x40@3x.png"; sourceTree = "<group>"; };
		D860E1531EEB33E700467CE2 /* Icon-App-60x60@2x.png */ = {isa = PBXFileReference; lastKnownFileType = image.png; path = "Icon-App-60x60@2x.png"; sourceTree = "<group>"; };
		D860E1541EEB33E700467CE2 /* Icon-App-60x60@3x.png */ = {isa = PBXFileReference; lastKnownFileType = image.png; path = "Icon-App-60x60@3x.png"; sourceTree = "<group>"; };
		D860E1551EEB33E700467CE2 /* Icon-App-76x76@1x.png */ = {isa = PBXFileReference; lastKnownFileType = image.png; path = "Icon-App-76x76@1x.png"; sourceTree = "<group>"; };
		D860E1561EEB33E700467CE2 /* Icon-App-76x76@2x.png */ = {isa = PBXFileReference; lastKnownFileType = image.png; path = "Icon-App-76x76@2x.png"; sourceTree = "<group>"; };
		D860E1611EEB354300467CE2 /* Icon-App-30x30@2x.png */ = {isa = PBXFileReference; lastKnownFileType = image.png; path = "Icon-App-30x30@2x.png"; sourceTree = "<group>"; };
		D860E1671EEB654F00467CE2 /* GoogleAnalytics.swift */ = {isa = PBXFileReference; fileEncoding = 4; lastKnownFileType = sourcecode.swift; path = GoogleAnalytics.swift; sourceTree = "<group>"; };
		D860E1691EEB675F00467CE2 /* shinigami-Bridging-Header.h */ = {isa = PBXFileReference; lastKnownFileType = sourcecode.c.h; path = "shinigami-Bridging-Header.h"; sourceTree = "<group>"; };
		D8C381BE1EE89BB600D030B0 /* Helpers.swift */ = {isa = PBXFileReference; fileEncoding = 4; lastKnownFileType = sourcecode.swift; path = Helpers.swift; sourceTree = "<group>"; };
/* End PBXFileReference section */

/* Begin PBXFrameworksBuildPhase section */
		D81002301ED49EDD00B4E34F /* Frameworks */ = {
			isa = PBXFrameworksBuildPhase;
			buildActionMask = 2147483647;
			files = (
				020ACD712F1F5773DA28C2D3 /* Pods_shinigami.framework in Frameworks */,
			);
			runOnlyForDeploymentPostprocessing = 0;
		};
/* End PBXFrameworksBuildPhase section */

/* Begin PBXGroup section */
		22E7BD31597FD3C9E98AF532 /* Frameworks */ = {
			isa = PBXGroup;
			children = (
				B5A8BC89F844F4219F316174 /* Pods_shinigami.framework */,
			);
			name = Frameworks;
			sourceTree = "<group>";
		};
		D810022A1ED49EDD00B4E34F = {
			isa = PBXGroup;
			children = (
				D81002351ED49EDD00B4E34F /* shinigami */,
				D81002341ED49EDD00B4E34F /* Products */,
				FF30EF43B7A66863B7BC529A /* Pods */,
				22E7BD31597FD3C9E98AF532 /* Frameworks */,
			);
			sourceTree = "<group>";
		};
		D81002341ED49EDD00B4E34F /* Products */ = {
			isa = PBXGroup;
			children = (
				D81002331ED49EDD00B4E34F /* shinigami.app */,
			);
			name = Products;
			sourceTree = "<group>";
		};
		D81002351ED49EDD00B4E34F /* shinigami */ = {
			isa = PBXGroup;
			children = (
				D860E14C1EEB33D400467CE2 /* icons */,
				D810024A1ED746BE00B4E34F /* images */,
				D81002521EDF598900B4E34F /* models */,
				D810024D1ED7685200B4E34F /* controllers */,
				D8C381BD1EE89B9800D030B0 /* utils */,
				D810027D1EE09A9300B4E34F /* extensions */,
				D810023A1ED49EDD00B4E34F /* Main.storyboard */,
				D81002361ED49EDD00B4E34F /* AppDelegate.swift */,
				D810023D1ED49EDD00B4E34F /* Assets.xcassets */,
				D810023F1ED49EDD00B4E34F /* LaunchScreen.storyboard */,
				D860E1691EEB675F00467CE2 /* shinigami-Bridging-Header.h */,
				D81037F11EED053B00C34B82 /* GoogleService-Info.plist */,
				D81002421ED49EDD00B4E34F /* Info.plist */,
			);
			path = shinigami;
			sourceTree = "<group>";
		};
		D810024A1ED746BE00B4E34F /* images */ = {
			isa = PBXGroup;
			children = (
				D860E14A1EEA0C8F00467CE2 /* twitter-following-icon.png */,
				D81002771EE07DF300B4E34F /* twitter-verified-icon.png */,
				D81002481ED745F900B4E34F /* twitter_eyes_logo.png */,
			);
			name = images;
			sourceTree = "<group>";
		};
		D810024D1ED7685200B4E34F /* controllers */ = {
			isa = PBXGroup;
			children = (
				D81002381ED49EDD00B4E34F /* LoginViewController.swift */,
				D810024E1EDDF51100B4E34F /* HomeSearchViewController.swift */,
				D810026F1EDFC1C500B4E34F /* UserTableViewCell.swift */,
				D810027E1EE09C1000B4E34F /* ProfileTableViewCell.swift */,
				D810027B1EE083E800B4E34F /* ProfileViewController.swift */,
			);
			name = controllers;
			sourceTree = "<group>";
		};
		D81002521EDF598900B4E34F /* models */ = {
			isa = PBXGroup;
			children = (
				D810026D1EDF97B500B4E34F /* TWTRUserCustom.swift */,
				D82F38721EF096BB0044DA58 /* TWTRList.swift */,
			);
			name = models;
			sourceTree = "<group>";
		};
		D810027D1EE09A9300B4E34F /* extensions */ = {
			isa = PBXGroup;
			children = (
				D81002711EDFC4DE00B4E34F /* UIImageView+downloadedFrom.swift */,
			);
			name = extensions;
			sourceTree = "<group>";
		};
		D860E14C1EEB33D400467CE2 /* icons */ = {
			isa = PBXGroup;
			children = (
				D860E14D1EEB33E700467CE2 /* Icon-App-20x20@2x.png */,
				D860E14E1EEB33E700467CE2 /* Icon-App-29x29@1x.png */,
				D860E14F1EEB33E700467CE2 /* Icon-App-29x29@2x.png */,
				D860E1501EEB33E700467CE2 /* Icon-App-29x29@3x.png */,
				D860E1611EEB354300467CE2 /* Icon-App-30x30@2x.png */,
				D860E1511EEB33E700467CE2 /* Icon-App-40x40@2x.png */,
				D860E1521EEB33E700467CE2 /* Icon-App-40x40@3x.png */,
				D860E1531EEB33E700467CE2 /* Icon-App-60x60@2x.png */,
				D860E1541EEB33E700467CE2 /* Icon-App-60x60@3x.png */,
				D860E1551EEB33E700467CE2 /* Icon-App-76x76@1x.png */,
				D860E1561EEB33E700467CE2 /* Icon-App-76x76@2x.png */,
			);
			name = icons;
			sourceTree = "<group>";
		};
		D8C381BD1EE89B9800D030B0 /* utils */ = {
			isa = PBXGroup;
			children = (
				D8C381BE1EE89BB600D030B0 /* Helpers.swift */,
				D860E1671EEB654F00467CE2 /* GoogleAnalytics.swift */,
			);
			name = utils;
			sourceTree = "<group>";
		};
		FF30EF43B7A66863B7BC529A /* Pods */ = {
			isa = PBXGroup;
			children = (
				CDB3DC8364A643D0084D242F /* Pods-shinigami.debug.xcconfig */,
				9484142F295752EAB6DAF202 /* Pods-shinigami.release.xcconfig */,
			);
			name = Pods;
			sourceTree = "<group>";
		};
/* End PBXGroup section */

/* Begin PBXNativeTarget section */
		D81002321ED49EDD00B4E34F /* shinigami */ = {
			isa = PBXNativeTarget;
			buildConfigurationList = D81002451ED49EDD00B4E34F /* Build configuration list for PBXNativeTarget "shinigami" */;
			buildPhases = (
				4A0ACDFC62EF563EC165C638 /* [CP] Check Pods Manifest.lock */,
				D810022F1ED49EDD00B4E34F /* Sources */,
				D81002301ED49EDD00B4E34F /* Frameworks */,
				D81002311ED49EDD00B4E34F /* Resources */,
				8522C064B994A0CB8E7C55D0 /* [CP] Embed Pods Frameworks */,
				F065FF51D47F4E4D29927945 /* [CP] Copy Pods Resources */,
			);
			buildRules = (
			);
			dependencies = (
			);
			name = shinigami;
			productName = shinigami;
			productReference = D81002331ED49EDD00B4E34F /* shinigami.app */;
			productType = "com.apple.product-type.application";
		};
/* End PBXNativeTarget section */

/* Begin PBXProject section */
		D810022B1ED49EDD00B4E34F /* Project object */ = {
			isa = PBXProject;
			attributes = {
				LastSwiftUpdateCheck = 0830;
				LastUpgradeCheck = 0830;
				ORGANIZATIONNAME = "Nathan Chan";
				TargetAttributes = {
					D81002321ED49EDD00B4E34F = {
						CreatedOnToolsVersion = 8.3.2;
						DevelopmentTeam = 3S86DJ63TR;
						LastSwiftMigration = 0830;
						ProvisioningStyle = Automatic;
					};
				};
			};
			buildConfigurationList = D810022E1ED49EDD00B4E34F /* Build configuration list for PBXProject "shinigami" */;
			compatibilityVersion = "Xcode 3.2";
			developmentRegion = English;
			hasScannedForEncodings = 0;
			knownRegions = (
				en,
				Base,
			);
			mainGroup = D810022A1ED49EDD00B4E34F;
			productRefGroup = D81002341ED49EDD00B4E34F /* Products */;
			projectDirPath = "";
			projectRoot = "";
			targets = (
				D81002321ED49EDD00B4E34F /* shinigami */,
			);
		};
/* End PBXProject section */

/* Begin PBXResourcesBuildPhase section */
		D81002311ED49EDD00B4E34F /* Resources */ = {
			isa = PBXResourcesBuildPhase;
			buildActionMask = 2147483647;
			files = (
				D81002411ED49EDD00B4E34F /* LaunchScreen.storyboard in Resources */,
				D860E1571EEB33E700467CE2 /* Icon-App-20x20@2x.png in Resources */,
				D860E15F1EEB33E700467CE2 /* Icon-App-76x76@1x.png in Resources */,
				D860E15D1EEB33E700467CE2 /* Icon-App-60x60@2x.png in Resources */,
				D810023E1ED49EDD00B4E34F /* Assets.xcassets in Resources */,
				D860E15C1EEB33E700467CE2 /* Icon-App-40x40@3x.png in Resources */,
				D860E1581EEB33E700467CE2 /* Icon-App-29x29@1x.png in Resources */,
				D860E15B1EEB33E700467CE2 /* Icon-App-40x40@2x.png in Resources */,
				D860E1601EEB33E700467CE2 /* Icon-App-76x76@2x.png in Resources */,
				D860E14B1EEA0C8F00467CE2 /* twitter-following-icon.png in Resources */,
				D860E1621EEB354300467CE2 /* Icon-App-30x30@2x.png in Resources */,
				D81037F21EED053B00C34B82 /* GoogleService-Info.plist in Resources */,
				D860E15A1EEB33E700467CE2 /* Icon-App-29x29@3x.png in Resources */,
				D81002781EE07DF300B4E34F /* twitter-verified-icon.png in Resources */,
				D81002491ED745F900B4E34F /* twitter_eyes_logo.png in Resources */,
				D860E15E1EEB33E700467CE2 /* Icon-App-60x60@3x.png in Resources */,
				D810023C1ED49EDD00B4E34F /* Main.storyboard in Resources */,
				D860E1591EEB33E700467CE2 /* Icon-App-29x29@2x.png in Resources */,
			);
			runOnlyForDeploymentPostprocessing = 0;
		};
/* End PBXResourcesBuildPhase section */

/* Begin PBXShellScriptBuildPhase section */
		4A0ACDFC62EF563EC165C638 /* [CP] Check Pods Manifest.lock */ = {
			isa = PBXShellScriptBuildPhase;
			buildActionMask = 2147483647;
			files = (
			);
			inputPaths = (
			);
			name = "[CP] Check Pods Manifest.lock";
			outputPaths = (
			);
			runOnlyForDeploymentPostprocessing = 0;
			shellPath = /bin/sh;
			shellScript = "diff \"${PODS_PODFILE_DIR_PATH}/Podfile.lock\" \"${PODS_ROOT}/Manifest.lock\" > /dev/null\nif [ $? != 0 ] ; then\n    # print error to STDERR\n    echo \"error: The sandbox is not in sync with the Podfile.lock. Run 'pod install' or update your CocoaPods installation.\" >&2\n    exit 1\nfi\n";
			showEnvVarsInLog = 0;
		};
		8522C064B994A0CB8E7C55D0 /* [CP] Embed Pods Frameworks */ = {
			isa = PBXShellScriptBuildPhase;
			buildActionMask = 2147483647;
			files = (
			);
			inputPaths = (
			);
			name = "[CP] Embed Pods Frameworks";
			outputPaths = (
			);
			runOnlyForDeploymentPostprocessing = 0;
			shellPath = /bin/sh;
			shellScript = "\"${SRCROOT}/Pods/Target Support Files/Pods-shinigami/Pods-shinigami-frameworks.sh\"\n";
			showEnvVarsInLog = 0;
		};
		F065FF51D47F4E4D29927945 /* [CP] Copy Pods Resources */ = {
			isa = PBXShellScriptBuildPhase;
			buildActionMask = 2147483647;
			files = (
			);
			inputPaths = (
			);
			name = "[CP] Copy Pods Resources";
			outputPaths = (
			);
			runOnlyForDeploymentPostprocessing = 0;
			shellPath = /bin/sh;
			shellScript = "\"${SRCROOT}/Pods/Target Support Files/Pods-shinigami/Pods-shinigami-resources.sh\"\n";
			showEnvVarsInLog = 0;
		};
/* End PBXShellScriptBuildPhase section */

/* Begin PBXSourcesBuildPhase section */
		D810022F1ED49EDD00B4E34F /* Sources */ = {
			isa = PBXSourcesBuildPhase;
			buildActionMask = 2147483647;
			files = (
				D81002391ED49EDD00B4E34F /* LoginViewController.swift in Sources */,
				D82F38731EF096BB0044DA58 /* TWTRList.swift in Sources */,
				D860E1681EEB654F00467CE2 /* GoogleAnalytics.swift in Sources */,
				D810027F1EE09C1000B4E34F /* ProfileTableViewCell.swift in Sources */,
				D81002371ED49EDD00B4E34F /* AppDelegate.swift in Sources */,
				D810026E1EDF97B500B4E34F /* TWTRUserCustom.swift in Sources */,
				D8C381BF1EE89BB600D030B0 /* Helpers.swift in Sources */,
				D810024F1EDDF51100B4E34F /* HomeSearchViewController.swift in Sources */,
				D81002721EDFC4DE00B4E34F /* UIImageView+downloadedFrom.swift in Sources */,
				D810027C1EE083E800B4E34F /* ProfileViewController.swift in Sources */,
				D81002701EDFC1C500B4E34F /* UserTableViewCell.swift in Sources */,
			);
			runOnlyForDeploymentPostprocessing = 0;
		};
/* End PBXSourcesBuildPhase section */

/* Begin PBXVariantGroup section */
		D810023A1ED49EDD00B4E34F /* Main.storyboard */ = {
			isa = PBXVariantGroup;
			children = (
				D810023B1ED49EDD00B4E34F /* Base */,
			);
			name = Main.storyboard;
			sourceTree = "<group>";
		};
		D810023F1ED49EDD00B4E34F /* LaunchScreen.storyboard */ = {
			isa = PBXVariantGroup;
			children = (
				D81002401ED49EDD00B4E34F /* Base */,
			);
			name = LaunchScreen.storyboard;
			sourceTree = "<group>";
		};
/* End PBXVariantGroup section */

/* Begin XCBuildConfiguration section */
		D81002431ED49EDD00B4E34F /* Debug */ = {
			isa = XCBuildConfiguration;
			buildSettings = {
				ALWAYS_SEARCH_USER_PATHS = NO;
				CLANG_ANALYZER_NONNULL = YES;
				CLANG_ANALYZER_NUMBER_OBJECT_CONVERSION = YES_AGGRESSIVE;
				CLANG_CXX_LANGUAGE_STANDARD = "gnu++0x";
				CLANG_CXX_LIBRARY = "libc++";
				CLANG_ENABLE_MODULES = YES;
				CLANG_ENABLE_OBJC_ARC = YES;
				CLANG_WARN_BOOL_CONVERSION = YES;
				CLANG_WARN_CONSTANT_CONVERSION = YES;
				CLANG_WARN_DIRECT_OBJC_ISA_USAGE = YES_ERROR;
				CLANG_WARN_DOCUMENTATION_COMMENTS = YES;
				CLANG_WARN_EMPTY_BODY = YES;
				CLANG_WARN_ENUM_CONVERSION = YES;
				CLANG_WARN_INFINITE_RECURSION = YES;
				CLANG_WARN_INT_CONVERSION = YES;
				CLANG_WARN_OBJC_ROOT_CLASS = YES_ERROR;
				CLANG_WARN_SUSPICIOUS_MOVE = YES;
				CLANG_WARN_UNREACHABLE_CODE = YES;
				CLANG_WARN__DUPLICATE_METHOD_MATCH = YES;
				"CODE_SIGN_IDENTITY[sdk=iphoneos*]" = "iPhone Developer";
				COPY_PHASE_STRIP = NO;
				DEBUG_INFORMATION_FORMAT = dwarf;
				ENABLE_STRICT_OBJC_MSGSEND = YES;
				ENABLE_TESTABILITY = YES;
				GCC_C_LANGUAGE_STANDARD = gnu99;
				GCC_DYNAMIC_NO_PIC = NO;
				GCC_NO_COMMON_BLOCKS = YES;
				GCC_OPTIMIZATION_LEVEL = 0;
				GCC_PREPROCESSOR_DEFINITIONS = (
					"DEBUG=1",
					"$(inherited)",
				);
				GCC_WARN_64_TO_32_BIT_CONVERSION = YES;
				GCC_WARN_ABOUT_RETURN_TYPE = YES_ERROR;
				GCC_WARN_UNDECLARED_SELECTOR = YES;
				GCC_WARN_UNINITIALIZED_AUTOS = YES_AGGRESSIVE;
				GCC_WARN_UNUSED_FUNCTION = YES;
				GCC_WARN_UNUSED_VARIABLE = YES;
				IPHONEOS_DEPLOYMENT_TARGET = 10.3;
				MTL_ENABLE_DEBUG_INFO = YES;
				ONLY_ACTIVE_ARCH = YES;
				SDKROOT = iphoneos;
				SWIFT_ACTIVE_COMPILATION_CONDITIONS = DEBUG;
				SWIFT_OPTIMIZATION_LEVEL = "-Onone";
			};
			name = Debug;
		};
		D81002441ED49EDD00B4E34F /* Release */ = {
			isa = XCBuildConfiguration;
			buildSettings = {
				ALWAYS_SEARCH_USER_PATHS = NO;
				CLANG_ANALYZER_NONNULL = YES;
				CLANG_ANALYZER_NUMBER_OBJECT_CONVERSION = YES_AGGRESSIVE;
				CLANG_CXX_LANGUAGE_STANDARD = "gnu++0x";
				CLANG_CXX_LIBRARY = "libc++";
				CLANG_ENABLE_MODULES = YES;
				CLANG_ENABLE_OBJC_ARC = YES;
				CLANG_WARN_BOOL_CONVERSION = YES;
				CLANG_WARN_CONSTANT_CONVERSION = YES;
				CLANG_WARN_DIRECT_OBJC_ISA_USAGE = YES_ERROR;
				CLANG_WARN_DOCUMENTATION_COMMENTS = YES;
				CLANG_WARN_EMPTY_BODY = YES;
				CLANG_WARN_ENUM_CONVERSION = YES;
				CLANG_WARN_INFINITE_RECURSION = YES;
				CLANG_WARN_INT_CONVERSION = YES;
				CLANG_WARN_OBJC_ROOT_CLASS = YES_ERROR;
				CLANG_WARN_SUSPICIOUS_MOVE = YES;
				CLANG_WARN_UNREACHABLE_CODE = YES;
				CLANG_WARN__DUPLICATE_METHOD_MATCH = YES;
				"CODE_SIGN_IDENTITY[sdk=iphoneos*]" = "iPhone Developer";
				COPY_PHASE_STRIP = NO;
				DEBUG_INFORMATION_FORMAT = "dwarf-with-dsym";
				ENABLE_NS_ASSERTIONS = NO;
				ENABLE_STRICT_OBJC_MSGSEND = YES;
				GCC_C_LANGUAGE_STANDARD = gnu99;
				GCC_NO_COMMON_BLOCKS = YES;
				GCC_WARN_64_TO_32_BIT_CONVERSION = YES;
				GCC_WARN_ABOUT_RETURN_TYPE = YES_ERROR;
				GCC_WARN_UNDECLARED_SELECTOR = YES;
				GCC_WARN_UNINITIALIZED_AUTOS = YES_AGGRESSIVE;
				GCC_WARN_UNUSED_FUNCTION = YES;
				GCC_WARN_UNUSED_VARIABLE = YES;
				IPHONEOS_DEPLOYMENT_TARGET = 10.3;
				MTL_ENABLE_DEBUG_INFO = NO;
				SDKROOT = iphoneos;
				SWIFT_OPTIMIZATION_LEVEL = "-Owholemodule";
				VALIDATE_PRODUCT = YES;
			};
			name = Release;
		};
		D81002461ED49EDD00B4E34F /* Debug */ = {
			isa = XCBuildConfiguration;
			baseConfigurationReference = CDB3DC8364A643D0084D242F /* Pods-shinigami.debug.xcconfig */;
			buildSettings = {
				ASSETCATALOG_COMPILER_APPICON_NAME = AppIcon;
				CLANG_ENABLE_MODULES = YES;
				DEVELOPMENT_TEAM = 3S86DJ63TR;
				INFOPLIST_FILE = shinigami/Info.plist;
				LD_RUNPATH_SEARCH_PATHS = "$(inherited) @executable_path/Frameworks";
				PRODUCT_BUNDLE_IDENTIFIER = com.nathanchan.shinigami;
				PRODUCT_NAME = "$(TARGET_NAME)";
				SWIFT_OBJC_BRIDGING_HEADER = "shinigami/shinigami-Bridging-Header.h";
				SWIFT_OPTIMIZATION_LEVEL = "-Onone";
				SWIFT_VERSION = 3.0;
			};
			name = Debug;
		};
		D81002471ED49EDD00B4E34F /* Release */ = {
			isa = XCBuildConfiguration;
			baseConfigurationReference = 9484142F295752EAB6DAF202 /* Pods-shinigami.release.xcconfig */;
			buildSettings = {
				ASSETCATALOG_COMPILER_APPICON_NAME = AppIcon;
				CLANG_ENABLE_MODULES = YES;
				DEVELOPMENT_TEAM = 3S86DJ63TR;
				INFOPLIST_FILE = shinigami/Info.plist;
				LD_RUNPATH_SEARCH_PATHS = "$(inherited) @executable_path/Frameworks";
				PRODUCT_BUNDLE_IDENTIFIER = com.nathanchan.shinigami;
				PRODUCT_NAME = "$(TARGET_NAME)";
				SWIFT_OBJC_BRIDGING_HEADER = "shinigami/shinigami-Bridging-Header.h";
				SWIFT_VERSION = 3.0;
			};
			name = Release;
		};
/* End XCBuildConfiguration section */

/* Begin XCConfigurationList section */
		D810022E1ED49EDD00B4E34F /* Build configuration list for PBXProject "shinigami" */ = {
			isa = XCConfigurationList;
			buildConfigurations = (
				D81002431ED49EDD00B4E34F /* Debug */,
				D81002441ED49EDD00B4E34F /* Release */,
			);
			defaultConfigurationIsVisible = 0;
			defaultConfigurationName = Release;
		};
		D81002451ED49EDD00B4E34F /* Build configuration list for PBXNativeTarget "shinigami" */ = {
			isa = XCConfigurationList;
			buildConfigurations = (
				D81002461ED49EDD00B4E34F /* Debug */,
				D81002471ED49EDD00B4E34F /* Release */,
			);
			defaultConfigurationIsVisible = 0;
			defaultConfigurationName = Release;
		};
/* End XCConfigurationList section */
	};
	rootObject = D810022B1ED49EDD00B4E34F /* Project object */;
}
